
Microsoft Visual Studio Solution File, Format Version 12.00
# Visual Studio 2013
VisualStudioVersion = 12.0.21005.1
MinimumVisualStudioVersion = 10.0.40219.1
Project("{FAE04EC0-301F-11D3-BF4B-00C04F79EFBC}") = "JassServerModelTests", "JassServerModelTest\JassServerModelTests.csproj", "{6B7730A0-8C45-49CC-AA13-548D449AE70C}"
EndProject
Project("{FAE04EC0-301F-11D3-BF4B-00C04F79EFBC}") = "JassServerModel", "JassServerModel\JassServerModel.csproj", "{CF9C58D6-BB57-4E62-BDF8-A88B3B811095}"
EndProject
Project("{FAE04EC0-301F-11D3-BF4B-00C04F79EFBC}") = "JassTools", "JassTools\JassTools.csproj", "{03D5A981-C8D7-4FB7-BBB0-4F0AD4E6B583}"
EndProject
Project("{FAE04EC0-301F-11D3-BF4B-00C04F79EFBC}") = "JassToolsTests", "JassToolsTests\JassToolsTests.csproj", "{1D6F75FE-CF71-4B30-AD1B-982A29BEACF2}"
EndProject
Project("{2150E333-8FDC-42A3-9474-1A3956D46DE8}") = "Jass3ServerModel", "Jass3ServerModel", "{5630780D-3D01-437B-B770-48A4EB65EC25}"
EndProject
Project("{2150E333-8FDC-42A3-9474-1A3956D46DE8}") = "Jass1Tools", "Jass1Tools", "{C146A0CD-8833-47C0-BB7A-C9BBBF41DC6E}"
	ProjectSection(SolutionItems) = preProject
		README.txt = README.txt
	EndProjectSection
EndProject
Project("{FAE04EC0-301F-11D3-BF4B-00C04F79EFBC}") = "JassGoogle", "JassGoogle\JassGoogle.csproj", "{DF15FCFA-3960-4A81-BC06-4F6AF8317DE5}"
EndProject
Project("{2150E333-8FDC-42A3-9474-1A3956D46DE8}") = "Jass2Google", "Jass2Google", "{14A5ED24-13CD-4F6C-AE93-BCF3BCF689A8}"
EndProject
Project("{FAE04EC0-301F-11D3-BF4B-00C04F79EFBC}") = "Jass4Web", "JassWeb\Jass4Web.csproj", "{CF1FE721-80C5-44DA-B8D6-A38A8F42A6FF}"
EndProject
Project("{FAE04EC0-301F-11D3-BF4B-00C04F79EFBC}") = "JassWeb.Tests", "JassWeb.Tests\JassWeb.Tests.csproj", "{F93F0474-FF48-4CAB-9103-6202CD10CB4F}"
EndProject
Project("{2150E333-8FDC-42A3-9474-1A3956D46DE8}") = "Jass4WebAndHtml", "Jass4WebAndHtml", "{1D1ED6DA-43C9-4B48-89CC-8D8F20D8EDCE}"
EndProject
Project("{FAE04EC0-301F-11D3-BF4B-00C04F79EFBC}") = "JassSandbox", "Jass0Sandbox\JassSandbox.csproj", "{B3D2A9D4-D55A-4CD6-8893-679FB4299C8E}"
EndProject
Project("{2150E333-8FDC-42A3-9474-1A3956D46DE8}") = "Jass0Sandbox", "Jass0Sandbox", "{410E5E54-8BE1-408A-B36B-141B20BE4178}"
EndProject
Project("{FAE04EC0-301F-11D3-BF4B-00C04F79EFBC}") = "NUnitTest", "NUnitTest\NUnitTest.csproj", "{BFCE0967-3482-41BB-97C1-980B6701C759}"
EndProject
Global
	GlobalSection(SolutionConfigurationPlatforms) = preSolution
		Debug|Any CPU = Debug|Any CPU
		Release|Any CPU = Release|Any CPU
	EndGlobalSection
	GlobalSection(ProjectConfigurationPlatforms) = postSolution
		{6B7730A0-8C45-49CC-AA13-548D449AE70C}.Debug|Any CPU.ActiveCfg = Debug|Any CPU
		{6B7730A0-8C45-49CC-AA13-548D449AE70C}.Debug|Any CPU.Build.0 = Debug|Any CPU
		{6B7730A0-8C45-49CC-AA13-548D449AE70C}.Release|Any CPU.ActiveCfg = Release|Any CPU
		{6B7730A0-8C45-49CC-AA13-548D449AE70C}.Release|Any CPU.Build.0 = Release|Any CPU
		{CF9C58D6-BB57-4E62-BDF8-A88B3B811095}.Debug|Any CPU.ActiveCfg = Debug|Any CPU
		{CF9C58D6-BB57-4E62-BDF8-A88B3B811095}.Debug|Any CPU.Build.0 = Debug|Any CPU
		{CF9C58D6-BB57-4E62-BDF8-A88B3B811095}.Release|Any CPU.ActiveCfg = Release|Any CPU
		{CF9C58D6-BB57-4E62-BDF8-A88B3B811095}.Release|Any CPU.Build.0 = Release|Any CPU
		{03D5A981-C8D7-4FB7-BBB0-4F0AD4E6B583}.Debug|Any CPU.ActiveCfg = Debug|Any CPU
		{03D5A981-C8D7-4FB7-BBB0-4F0AD4E6B583}.Debug|Any CPU.Build.0 = Debug|Any CPU
		{03D5A981-C8D7-4FB7-BBB0-4F0AD4E6B583}.Release|Any CPU.ActiveCfg = Release|Any CPU
		{03D5A981-C8D7-4FB7-BBB0-4F0AD4E6B583}.Release|Any CPU.Build.0 = Release|Any CPU
		{1D6F75FE-CF71-4B30-AD1B-982A29BEACF2}.Debug|Any CPU.ActiveCfg = Debug|Any CPU
		{1D6F75FE-CF71-4B30-AD1B-982A29BEACF2}.Debug|Any CPU.Build.0 = Debug|Any CPU
		{1D6F75FE-CF71-4B30-AD1B-982A29BEACF2}.Release|Any CPU.ActiveCfg = Release|Any CPU
		{1D6F75FE-CF71-4B30-AD1B-982A29BEACF2}.Release|Any CPU.Build.0 = Release|Any CPU
		{DF15FCFA-3960-4A81-BC06-4F6AF8317DE5}.Debug|Any CPU.ActiveCfg = Debug|Any CPU
		{DF15FCFA-3960-4A81-BC06-4F6AF8317DE5}.Debug|Any CPU.Build.0 = Debug|Any CPU
		{DF15FCFA-3960-4A81-BC06-4F6AF8317DE5}.Release|Any CPU.ActiveCfg = Release|Any CPU
		{DF15FCFA-3960-4A81-BC06-4F6AF8317DE5}.Release|Any CPU.Build.0 = Release|Any CPU
		{CF1FE721-80C5-44DA-B8D6-A38A8F42A6FF}.Debug|Any CPU.ActiveCfg = Debug|Any CPU
		{CF1FE721-80C5-44DA-B8D6-A38A8F42A6FF}.Debug|Any CPU.Build.0 = Debug|Any CPU
		{CF1FE721-80C5-44DA-B8D6-A38A8F42A6FF}.Release|Any CPU.ActiveCfg = Release|Any CPU
		{CF1FE721-80C5-44DA-B8D6-A38A8F42A6FF}.Release|Any CPU.Build.0 = Release|Any CPU
		{F93F0474-FF48-4CAB-9103-6202CD10CB4F}.Debug|Any CPU.ActiveCfg = Debug|Any CPU
		{F93F0474-FF48-4CAB-9103-6202CD10CB4F}.Debug|Any CPU.Build.0 = Debug|Any CPU
		{F93F0474-FF48-4CAB-9103-6202CD10CB4F}.Release|Any CPU.ActiveCfg = Release|Any CPU
		{F93F0474-FF48-4CAB-9103-6202CD10CB4F}.Release|Any CPU.Build.0 = Release|Any CPU
		{B3D2A9D4-D55A-4CD6-8893-679FB4299C8E}.Debug|Any CPU.ActiveCfg = Debug|Any CPU
		{B3D2A9D4-D55A-4CD6-8893-679FB4299C8E}.Debug|Any CPU.Build.0 = Debug|Any CPU
		{B3D2A9D4-D55A-4CD6-8893-679FB4299C8E}.Release|Any CPU.ActiveCfg = Release|Any CPU
		{B3D2A9D4-D55A-4CD6-8893-679FB4299C8E}.Release|Any CPU.Build.0 = Release|Any CPU
		{BFCE0967-3482-41BB-97C1-980B6701C759}.Debug|Any CPU.ActiveCfg = Debug|Any CPU
		{BFCE0967-3482-41BB-97C1-980B6701C759}.Debug|Any CPU.Build.0 = Debug|Any CPU
		{BFCE0967-3482-41BB-97C1-980B6701C759}.Release|Any CPU.ActiveCfg = Release|Any CPU
		{BFCE0967-3482-41BB-97C1-980B6701C759}.Release|Any CPU.Build.0 = Release|Any CPU
	EndGlobalSection
	GlobalSection(SolutionProperties) = preSolution
		HideSolutionNode = FALSE
	EndGlobalSection
	GlobalSection(NestedProjects) = preSolution
		{CF9C58D6-BB57-4E62-BDF8-A88B3B811095} = {5630780D-3D01-437B-B770-48A4EB65EC25}
		{6B7730A0-8C45-49CC-AA13-548D449AE70C} = {5630780D-3D01-437B-B770-48A4EB65EC25}
		{1D6F75FE-CF71-4B30-AD1B-982A29BEACF2} = {C146A0CD-8833-47C0-BB7A-C9BBBF41DC6E}
		{03D5A981-C8D7-4FB7-BBB0-4F0AD4E6B583} = {C146A0CD-8833-47C0-BB7A-C9BBBF41DC6E}
		{DF15FCFA-3960-4A81-BC06-4F6AF8317DE5} = {14A5ED24-13CD-4F6C-AE93-BCF3BCF689A8}
		{F93F0474-FF48-4CAB-9103-6202CD10CB4F} = {1D1ED6DA-43C9-4B48-89CC-8D8F20D8EDCE}
		{CF1FE721-80C5-44DA-B8D6-A38A8F42A6FF} = {1D1ED6DA-43C9-4B48-89CC-8D8F20D8EDCE}
		{BFCE0967-3482-41BB-97C1-980B6701C759} = {1D1ED6DA-43C9-4B48-89CC-8D8F20D8EDCE}
		{B3D2A9D4-D55A-4CD6-8893-679FB4299C8E} = {410E5E54-8BE1-408A-B36B-141B20BE4178}
	EndGlobalSection
EndGlobal
