
Microsoft Visual Studio Solution File, Format Version 12.00
# Visual Studio 2012
Project("{FAE04EC0-301F-11D3-BF4B-00C04F79EFBC}") = "JassServerModelTests", "JassServerModelTest\JassServerModelTests.csproj", "{6B7730A0-8C45-49CC-AA13-548D449AE70C}"
EndProject
Project("{FAE04EC0-301F-11D3-BF4B-00C04F79EFBC}") = "JassServerModel", "JassServerModel\JassServerModel.csproj", "{CF9C58D6-BB57-4E62-BDF8-A88B3B811095}"
EndProject
Project("{FAE04EC0-301F-11D3-BF4B-00C04F79EFBC}") = "JassTools", "JassTools\JassTools.csproj", "{03D5A981-C8D7-4FB7-BBB0-4F0AD4E6B583}"
EndProject
Project("{FAE04EC0-301F-11D3-BF4B-00C04F79EFBC}") = "JassToolsTests", "JassToolsTests\JassToolsTests.csproj", "{1D6F75FE-CF71-4B30-AD1B-982A29BEACF2}"
EndProject
Project("{2150E333-8FDC-42A3-9474-1A3956D46DE8}") = "Jass3ServerModel", "Jass3ServerModel", "{5630780D-3D01-437B-B770-48A4EB65EC25}"
EndProject
Project("{2150E333-8FDC-42A3-9474-1A3956D46DE8}") = "Jass1Tools", "Jass1Tools", "{C146A0CD-8833-47C0-BB7A-C9BBBF41DC6E}"
	ProjectSection(SolutionItems) = preProject
		README.txt = README.txt
	EndProjectSection
EndProject
Project("{FAE04EC0-301F-11D3-BF4B-00C04F79EFBC}") = "JassWeb", "JassWeb\JassWeb.csproj", "{933BEF82-2206-43DB-9379-DBE047E3F021}"
EndProject
Project("{FAE04EC0-301F-11D3-BF4B-00C04F79EFBC}") = "JassWeb.Tests", "JassWeb.Tests\JassWeb.Tests.csproj", "{3BA085D1-956C-4233-99FE-45B67EEBF337}"
EndProject
Project("{FAE04EC0-301F-11D3-BF4B-00C04F79EFBC}") = "JassGoogle", "JassGoogle\JassGoogle.csproj", "{DF15FCFA-3960-4A81-BC06-4F6AF8317DE5}"
EndProject
Project("{2150E333-8FDC-42A3-9474-1A3956D46DE8}") = "Jass2Google", "Jass2Google", "{14A5ED24-13CD-4F6C-AE93-BCF3BCF689A8}"
EndProject
Project("{2150E333-8FDC-42A3-9474-1A3956D46DE8}") = "Jass4Web", "Jass4Web", "{C45DFB56-C06C-4C37-836A-066F470A4919}"
EndProject
Project("{FAE04EC0-301F-11D3-BF4B-00C04F79EFBC}") = "Jass5ClientJS", "JassClientJS\Jass5ClientJS.csproj", "{E984FF6D-4F91-4732-9CE6-A5BA984AB317}"
EndProject
Global
	GlobalSection(SolutionConfigurationPlatforms) = preSolution
		Debug|Any CPU = Debug|Any CPU
		Release|Any CPU = Release|Any CPU
	EndGlobalSection
	GlobalSection(ProjectConfigurationPlatforms) = postSolution
		{6B7730A0-8C45-49CC-AA13-548D449AE70C}.Debug|Any CPU.ActiveCfg = Debug|Any CPU
		{6B7730A0-8C45-49CC-AA13-548D449AE70C}.Debug|Any CPU.Build.0 = Debug|Any CPU
		{6B7730A0-8C45-49CC-AA13-548D449AE70C}.Release|Any CPU.ActiveCfg = Release|Any CPU
		{6B7730A0-8C45-49CC-AA13-548D449AE70C}.Release|Any CPU.Build.0 = Release|Any CPU
		{CF9C58D6-BB57-4E62-BDF8-A88B3B811095}.Debug|Any CPU.ActiveCfg = Debug|Any CPU
		{CF9C58D6-BB57-4E62-BDF8-A88B3B811095}.Debug|Any CPU.Build.0 = Debug|Any CPU
		{CF9C58D6-BB57-4E62-BDF8-A88B3B811095}.Release|Any CPU.ActiveCfg = Release|Any CPU
		{CF9C58D6-BB57-4E62-BDF8-A88B3B811095}.Release|Any CPU.Build.0 = Release|Any CPU
		{03D5A981-C8D7-4FB7-BBB0-4F0AD4E6B583}.Debug|Any CPU.ActiveCfg = Debug|Any CPU
		{03D5A981-C8D7-4FB7-BBB0-4F0AD4E6B583}.Debug|Any CPU.Build.0 = Debug|Any CPU
		{03D5A981-C8D7-4FB7-BBB0-4F0AD4E6B583}.Release|Any CPU.ActiveCfg = Release|Any CPU
		{03D5A981-C8D7-4FB7-BBB0-4F0AD4E6B583}.Release|Any CPU.Build.0 = Release|Any CPU
		{1D6F75FE-CF71-4B30-AD1B-982A29BEACF2}.Debug|Any CPU.ActiveCfg = Debug|Any CPU
		{1D6F75FE-CF71-4B30-AD1B-982A29BEACF2}.Debug|Any CPU.Build.0 = Debug|Any CPU
		{1D6F75FE-CF71-4B30-AD1B-982A29BEACF2}.Release|Any CPU.ActiveCfg = Release|Any CPU
		{1D6F75FE-CF71-4B30-AD1B-982A29BEACF2}.Release|Any CPU.Build.0 = Release|Any CPU
		{933BEF82-2206-43DB-9379-DBE047E3F021}.Debug|Any CPU.ActiveCfg = Debug|Any CPU
		{933BEF82-2206-43DB-9379-DBE047E3F021}.Debug|Any CPU.Build.0 = Debug|Any CPU
		{933BEF82-2206-43DB-9379-DBE047E3F021}.Release|Any CPU.ActiveCfg = Release|Any CPU
		{933BEF82-2206-43DB-9379-DBE047E3F021}.Release|Any CPU.Build.0 = Release|Any CPU
		{3BA085D1-956C-4233-99FE-45B67EEBF337}.Debug|Any CPU.ActiveCfg = Debug|Any CPU
		{3BA085D1-956C-4233-99FE-45B67EEBF337}.Debug|Any CPU.Build.0 = Debug|Any CPU
		{3BA085D1-956C-4233-99FE-45B67EEBF337}.Release|Any CPU.ActiveCfg = Release|Any CPU
		{3BA085D1-956C-4233-99FE-45B67EEBF337}.Release|Any CPU.Build.0 = Release|Any CPU
		{DF15FCFA-3960-4A81-BC06-4F6AF8317DE5}.Debug|Any CPU.ActiveCfg = Debug|Any CPU
		{DF15FCFA-3960-4A81-BC06-4F6AF8317DE5}.Debug|Any CPU.Build.0 = Debug|Any CPU
		{DF15FCFA-3960-4A81-BC06-4F6AF8317DE5}.Release|Any CPU.ActiveCfg = Release|Any CPU
		{DF15FCFA-3960-4A81-BC06-4F6AF8317DE5}.Release|Any CPU.Build.0 = Release|Any CPU
		{E984FF6D-4F91-4732-9CE6-A5BA984AB317}.Debug|Any CPU.ActiveCfg = Debug|Any CPU
		{E984FF6D-4F91-4732-9CE6-A5BA984AB317}.Debug|Any CPU.Build.0 = Debug|Any CPU
		{E984FF6D-4F91-4732-9CE6-A5BA984AB317}.Release|Any CPU.ActiveCfg = Release|Any CPU
		{E984FF6D-4F91-4732-9CE6-A5BA984AB317}.Release|Any CPU.Build.0 = Release|Any CPU
	EndGlobalSection
	GlobalSection(SolutionProperties) = preSolution
		HideSolutionNode = FALSE
	EndGlobalSection
	GlobalSection(NestedProjects) = preSolution
		{CF9C58D6-BB57-4E62-BDF8-A88B3B811095} = {5630780D-3D01-437B-B770-48A4EB65EC25}
		{6B7730A0-8C45-49CC-AA13-548D449AE70C} = {5630780D-3D01-437B-B770-48A4EB65EC25}
		{1D6F75FE-CF71-4B30-AD1B-982A29BEACF2} = {C146A0CD-8833-47C0-BB7A-C9BBBF41DC6E}
		{03D5A981-C8D7-4FB7-BBB0-4F0AD4E6B583} = {C146A0CD-8833-47C0-BB7A-C9BBBF41DC6E}
		{3BA085D1-956C-4233-99FE-45B67EEBF337} = {C45DFB56-C06C-4C37-836A-066F470A4919}
		{933BEF82-2206-43DB-9379-DBE047E3F021} = {C45DFB56-C06C-4C37-836A-066F470A4919}
		{DF15FCFA-3960-4A81-BC06-4F6AF8317DE5} = {14A5ED24-13CD-4F6C-AE93-BCF3BCF689A8}
	EndGlobalSection
EndGlobal
